// !$*UTF8*$!
{
	archiveVersion = 1;
	classes = {
	};
	objectVersion = 56;
	objects = {

/* Begin PBXBuildFile section */
		2A999499F0A07CF74D53E358 /* Pods_Spy_See.framework in Frameworks */ = {isa = PBXBuildFile; fileRef = 1CC0AB13E4E3C18858E4941B /* Pods_Spy_See.framework */; };
		B507CD672A3F39CE00434003 /* VictoryViewController.swift in Sources */ = {isa = PBXBuildFile; fileRef = B507CD662A3F39CE00434003 /* VictoryViewController.swift */; };
		B522AF112A3AB4A000FF956C /* LobbyViewController.swift in Sources */ = {isa = PBXBuildFile; fileRef = B522AF102A3AB4A000FF956C /* LobbyViewController.swift */; };
		B522AF132A3AC3CF00FF956C /* SettingViewController.swift in Sources */ = {isa = PBXBuildFile; fileRef = B522AF122A3AC3CF00FF956C /* SettingViewController.swift */; };
		B522AF152A3B67E800FF956C /* InviteViewController.swift in Sources */ = {isa = PBXBuildFile; fileRef = B522AF142A3B67E800FF956C /* InviteViewController.swift */; };
		B522AF172A3C0F4900FF956C /* WaitingViewController.swift in Sources */ = {isa = PBXBuildFile; fileRef = B522AF162A3C0F4900FF956C /* WaitingViewController.swift */; };
		B522AF192A3C113900FF956C /* PlayerCell.swift in Sources */ = {isa = PBXBuildFile; fileRef = B522AF182A3C113900FF956C /* PlayerCell.swift */; };
		B522AF1B2A3C5CAF00FF956C /* PassPromptViewController.swift in Sources */ = {isa = PBXBuildFile; fileRef = B522AF1A2A3C5CAF00FF956C /* PassPromptViewController.swift */; };
		B522AF1D2A3CBF2200FF956C /* SpeakViewController.swift in Sources */ = {isa = PBXBuildFile; fileRef = B522AF1C2A3CBF2200FF956C /* SpeakViewController.swift */; };
		B59588952A3D98430058E170 /* VoteViewController.swift in Sources */ = {isa = PBXBuildFile; fileRef = B59588942A3D98430058E170 /* VoteViewController.swift */; };
		B59588972A3DDD630058E170 /* KillViewController.swift in Sources */ = {isa = PBXBuildFile; fileRef = B59588962A3DDD630058E170 /* KillViewController.swift */; };
		B5D2B09F2A39C8E800ED3516 /* AppDelegate.swift in Sources */ = {isa = PBXBuildFile; fileRef = B5D2B09E2A39C8E800ED3516 /* AppDelegate.swift */; };
		B5D2B0A12A39C8E800ED3516 /* SceneDelegate.swift in Sources */ = {isa = PBXBuildFile; fileRef = B5D2B0A02A39C8E800ED3516 /* SceneDelegate.swift */; };
		B5D2B0A32A39C8E800ED3516 /* LoginViewController.swift in Sources */ = {isa = PBXBuildFile; fileRef = B5D2B0A22A39C8E800ED3516 /* LoginViewController.swift */; };
		B5D2B0A62A39C8E800ED3516 /* Main.storyboard in Resources */ = {isa = PBXBuildFile; fileRef = B5D2B0A42A39C8E800ED3516 /* Main.storyboard */; };
		B5D2B0A82A39C8ED00ED3516 /* Assets.xcassets in Resources */ = {isa = PBXBuildFile; fileRef = B5D2B0A72A39C8ED00ED3516 /* Assets.xcassets */; };
		B5D2B0AB2A39C8ED00ED3516 /* LaunchScreen.storyboard in Resources */ = {isa = PBXBuildFile; fileRef = B5D2B0A92A39C8ED00ED3516 /* LaunchScreen.storyboard */; };
		B5D2B0B42A3A017D00ED3516 /* GoogleService-Info.plist in Resources */ = {isa = PBXBuildFile; fileRef = B5D2B0B32A3A017D00ED3516 /* GoogleService-Info.plist */; };
		B5D2B0B62A3A98A000ED3516 /* Prompt.swift in Sources */ = {isa = PBXBuildFile; fileRef = B5D2B0B52A3A98A000ED3516 /* Prompt.swift */; };
/* End PBXBuildFile section */

/* Begin PBXFileReference section */
		07696FC57C387E2A3AD5BB2E /* Pods-Spy See.release.xcconfig */ = {isa = PBXFileReference; includeInIndex = 1; lastKnownFileType = text.xcconfig; name = "Pods-Spy See.release.xcconfig"; path = "Target Support Files/Pods-Spy See/Pods-Spy See.release.xcconfig"; sourceTree = "<group>"; };
		1CC0AB13E4E3C18858E4941B /* Pods_Spy_See.framework */ = {isa = PBXFileReference; explicitFileType = wrapper.framework; includeInIndex = 0; path = Pods_Spy_See.framework; sourceTree = BUILT_PRODUCTS_DIR; };
		85F7C80141FC1BA96FBC07A8 /* Pods-Spy See.debug.xcconfig */ = {isa = PBXFileReference; includeInIndex = 1; lastKnownFileType = text.xcconfig; name = "Pods-Spy See.debug.xcconfig"; path = "Target Support Files/Pods-Spy See/Pods-Spy See.debug.xcconfig"; sourceTree = "<group>"; };
		B507CD662A3F39CE00434003 /* VictoryViewController.swift */ = {isa = PBXFileReference; lastKnownFileType = sourcecode.swift; path = VictoryViewController.swift; sourceTree = "<group>"; };
		B522AF102A3AB4A000FF956C /* LobbyViewController.swift */ = {isa = PBXFileReference; lastKnownFileType = sourcecode.swift; path = LobbyViewController.swift; sourceTree = "<group>"; };
		B522AF122A3AC3CF00FF956C /* SettingViewController.swift */ = {isa = PBXFileReference; lastKnownFileType = sourcecode.swift; path = SettingViewController.swift; sourceTree = "<group>"; };
		B522AF142A3B67E800FF956C /* InviteViewController.swift */ = {isa = PBXFileReference; lastKnownFileType = sourcecode.swift; path = InviteViewController.swift; sourceTree = "<group>"; };
		B522AF162A3C0F4900FF956C /* WaitingViewController.swift */ = {isa = PBXFileReference; lastKnownFileType = sourcecode.swift; path = WaitingViewController.swift; sourceTree = "<group>"; };
		B522AF182A3C113900FF956C /* PlayerCell.swift */ = {isa = PBXFileReference; lastKnownFileType = sourcecode.swift; path = PlayerCell.swift; sourceTree = "<group>"; };
		B522AF1A2A3C5CAF00FF956C /* PassPromptViewController.swift */ = {isa = PBXFileReference; lastKnownFileType = sourcecode.swift; path = PassPromptViewController.swift; sourceTree = "<group>"; };
		B522AF1C2A3CBF2200FF956C /* SpeakViewController.swift */ = {isa = PBXFileReference; lastKnownFileType = sourcecode.swift; path = SpeakViewController.swift; sourceTree = "<group>"; };
		B59588942A3D98430058E170 /* VoteViewController.swift */ = {isa = PBXFileReference; lastKnownFileType = sourcecode.swift; path = VoteViewController.swift; sourceTree = "<group>"; };
		B59588962A3DDD630058E170 /* KillViewController.swift */ = {isa = PBXFileReference; lastKnownFileType = sourcecode.swift; path = KillViewController.swift; sourceTree = "<group>"; };
		B5D2B09B2A39C8E800ED3516 /* Spy See.app */ = {isa = PBXFileReference; explicitFileType = wrapper.application; includeInIndex = 0; path = "Spy See.app"; sourceTree = BUILT_PRODUCTS_DIR; };
		B5D2B09E2A39C8E800ED3516 /* AppDelegate.swift */ = {isa = PBXFileReference; lastKnownFileType = sourcecode.swift; path = AppDelegate.swift; sourceTree = "<group>"; };
		B5D2B0A02A39C8E800ED3516 /* SceneDelegate.swift */ = {isa = PBXFileReference; lastKnownFileType = sourcecode.swift; path = SceneDelegate.swift; sourceTree = "<group>"; };
		B5D2B0A22A39C8E800ED3516 /* LoginViewController.swift */ = {isa = PBXFileReference; lastKnownFileType = sourcecode.swift; path = LoginViewController.swift; sourceTree = "<group>"; };
		B5D2B0A52A39C8E800ED3516 /* Base */ = {isa = PBXFileReference; lastKnownFileType = file.storyboard; name = Base; path = Base.lproj/Main.storyboard; sourceTree = "<group>"; };
		B5D2B0A72A39C8ED00ED3516 /* Assets.xcassets */ = {isa = PBXFileReference; lastKnownFileType = folder.assetcatalog; path = Assets.xcassets; sourceTree = "<group>"; };
		B5D2B0AA2A39C8ED00ED3516 /* Base */ = {isa = PBXFileReference; lastKnownFileType = file.storyboard; name = Base; path = Base.lproj/LaunchScreen.storyboard; sourceTree = "<group>"; };
		B5D2B0AC2A39C8ED00ED3516 /* Info.plist */ = {isa = PBXFileReference; lastKnownFileType = text.plist.xml; path = Info.plist; sourceTree = "<group>"; };
		B5D2B0B32A3A017D00ED3516 /* GoogleService-Info.plist */ = {isa = PBXFileReference; fileEncoding = 4; lastKnownFileType = text.plist.xml; name = "GoogleService-Info.plist"; path = "../../GoogleService-Info.plist"; sourceTree = "<group>"; };
		B5D2B0B52A3A98A000ED3516 /* Prompt.swift */ = {isa = PBXFileReference; lastKnownFileType = sourcecode.swift; path = Prompt.swift; sourceTree = "<group>"; };
/* End PBXFileReference section */

/* Begin PBXFrameworksBuildPhase section */
		B5D2B0982A39C8E800ED3516 /* Frameworks */ = {
			isa = PBXFrameworksBuildPhase;
			buildActionMask = 2147483647;
			files = (
				2A999499F0A07CF74D53E358 /* Pods_Spy_See.framework in Frameworks */,
			);
			runOnlyForDeploymentPostprocessing = 0;
		};
/* End PBXFrameworksBuildPhase section */

/* Begin PBXGroup section */
		9C5F9C7F45BBBBE800D1D379 /* Pods */ = {
			isa = PBXGroup;
			children = (
				85F7C80141FC1BA96FBC07A8 /* Pods-Spy See.debug.xcconfig */,
				07696FC57C387E2A3AD5BB2E /* Pods-Spy See.release.xcconfig */,
			);
			path = Pods;
			sourceTree = "<group>";
		};
		B5D2B0922A39C8E800ED3516 = {
			isa = PBXGroup;
			children = (
				B5D2B09D2A39C8E800ED3516 /* Spy See */,
				B5D2B09C2A39C8E800ED3516 /* Products */,
				9C5F9C7F45BBBBE800D1D379 /* Pods */,
				FCB70D36A0458B13BB8F8AA1 /* Frameworks */,
			);
			sourceTree = "<group>";
		};
		B5D2B09C2A39C8E800ED3516 /* Products */ = {
			isa = PBXGroup;
			children = (
				B5D2B09B2A39C8E800ED3516 /* Spy See.app */,
			);
			name = Products;
			sourceTree = "<group>";
		};
		B5D2B09D2A39C8E800ED3516 /* Spy See */ = {
			isa = PBXGroup;
			children = (
				B5D2B09E2A39C8E800ED3516 /* AppDelegate.swift */,
				B5D2B0A02A39C8E800ED3516 /* SceneDelegate.swift */,
				B5D2B0A22A39C8E800ED3516 /* LoginViewController.swift */,
				B522AF102A3AB4A000FF956C /* LobbyViewController.swift */,
				B522AF122A3AC3CF00FF956C /* SettingViewController.swift */,
				B522AF142A3B67E800FF956C /* InviteViewController.swift */,
				B522AF162A3C0F4900FF956C /* WaitingViewController.swift */,
				B522AF1A2A3C5CAF00FF956C /* PassPromptViewController.swift */,
				B522AF1C2A3CBF2200FF956C /* SpeakViewController.swift */,
				B59588942A3D98430058E170 /* VoteViewController.swift */,
				B59588962A3DDD630058E170 /* KillViewController.swift */,
				B507CD662A3F39CE00434003 /* VictoryViewController.swift */,
				B522AF182A3C113900FF956C /* PlayerCell.swift */,
				B5D2B0B52A3A98A000ED3516 /* Prompt.swift */,
				B5D2B0A42A39C8E800ED3516 /* Main.storyboard */,
				B5D2B0A72A39C8ED00ED3516 /* Assets.xcassets */,
				B5D2B0A92A39C8ED00ED3516 /* LaunchScreen.storyboard */,
				B5D2B0AC2A39C8ED00ED3516 /* Info.plist */,
				B5D2B0B32A3A017D00ED3516 /* GoogleService-Info.plist */,
			);
			path = "Spy See";
			sourceTree = "<group>";
		};
		FCB70D36A0458B13BB8F8AA1 /* Frameworks */ = {
			isa = PBXGroup;
			children = (
				1CC0AB13E4E3C18858E4941B /* Pods_Spy_See.framework */,
			);
			name = Frameworks;
			sourceTree = "<group>";
		};
/* End PBXGroup section */

/* Begin PBXNativeTarget section */
		B5D2B09A2A39C8E800ED3516 /* Spy See */ = {
			isa = PBXNativeTarget;
			buildConfigurationList = B5D2B0AF2A39C8ED00ED3516 /* Build configuration list for PBXNativeTarget "Spy See" */;
			buildPhases = (
				23743ACE8A6263FE3F33DA38 /* [CP] Check Pods Manifest.lock */,
				B5D2B0972A39C8E800ED3516 /* Sources */,
				B5D2B0982A39C8E800ED3516 /* Frameworks */,
				B5D2B0992A39C8E800ED3516 /* Resources */,
				1F5BA08529DC41458C548DD8 /* [CP] Embed Pods Frameworks */,
				B5D2B0B22A39EFE300ED3516 /* ShellScript */,
			);
			buildRules = (
			);
			dependencies = (
			);
			name = "Spy See";
			productName = "Spy See";
			productReference = B5D2B09B2A39C8E800ED3516 /* Spy See.app */;
			productType = "com.apple.product-type.application";
		};
/* End PBXNativeTarget section */

/* Begin PBXProject section */
		B5D2B0932A39C8E800ED3516 /* Project object */ = {
			isa = PBXProject;
			attributes = {
				BuildIndependentTargetsInParallel = 1;
				LastSwiftUpdateCheck = 1410;
				LastUpgradeCheck = 1410;
				TargetAttributes = {
					B5D2B09A2A39C8E800ED3516 = {
						CreatedOnToolsVersion = 14.1;
					};
				};
			};
			buildConfigurationList = B5D2B0962A39C8E800ED3516 /* Build configuration list for PBXProject "Spy See" */;
			compatibilityVersion = "Xcode 14.0";
			developmentRegion = en;
			hasScannedForEncodings = 0;
			knownRegions = (
				en,
				Base,
			);
			mainGroup = B5D2B0922A39C8E800ED3516;
			productRefGroup = B5D2B09C2A39C8E800ED3516 /* Products */;
			projectDirPath = "";
			projectRoot = "";
			targets = (
				B5D2B09A2A39C8E800ED3516 /* Spy See */,
			);
		};
/* End PBXProject section */

/* Begin PBXResourcesBuildPhase section */
		B5D2B0992A39C8E800ED3516 /* Resources */ = {
			isa = PBXResourcesBuildPhase;
			buildActionMask = 2147483647;
			files = (
				B5D2B0AB2A39C8ED00ED3516 /* LaunchScreen.storyboard in Resources */,
				B5D2B0B42A3A017D00ED3516 /* GoogleService-Info.plist in Resources */,
				B5D2B0A82A39C8ED00ED3516 /* Assets.xcassets in Resources */,
				B5D2B0A62A39C8E800ED3516 /* Main.storyboard in Resources */,
			);
			runOnlyForDeploymentPostprocessing = 0;
		};
/* End PBXResourcesBuildPhase section */

/* Begin PBXShellScriptBuildPhase section */
		1F5BA08529DC41458C548DD8 /* [CP] Embed Pods Frameworks */ = {
			isa = PBXShellScriptBuildPhase;
			buildActionMask = 2147483647;
			files = (
			);
			inputFileListPaths = (
				"${PODS_ROOT}/Target Support Files/Pods-Spy See/Pods-Spy See-frameworks-${CONFIGURATION}-input-files.xcfilelist",
			);
			name = "[CP] Embed Pods Frameworks";
			outputFileListPaths = (
				"${PODS_ROOT}/Target Support Files/Pods-Spy See/Pods-Spy See-frameworks-${CONFIGURATION}-output-files.xcfilelist",
			);
			runOnlyForDeploymentPostprocessing = 0;
			shellPath = /bin/sh;
			shellScript = "\"${PODS_ROOT}/Target Support Files/Pods-Spy See/Pods-Spy See-frameworks.sh\"\n";
			showEnvVarsInLog = 0;
		};
		23743ACE8A6263FE3F33DA38 /* [CP] Check Pods Manifest.lock */ = {
			isa = PBXShellScriptBuildPhase;
			buildActionMask = 2147483647;
			files = (
			);
			inputFileListPaths = (
			);
			inputPaths = (
				"${PODS_PODFILE_DIR_PATH}/Podfile.lock",
				"${PODS_ROOT}/Manifest.lock",
			);
			name = "[CP] Check Pods Manifest.lock";
			outputFileListPaths = (
			);
			outputPaths = (
				"$(DERIVED_FILE_DIR)/Pods-Spy See-checkManifestLockResult.txt",
			);
			runOnlyForDeploymentPostprocessing = 0;
			shellPath = /bin/sh;
			shellScript = "diff \"${PODS_PODFILE_DIR_PATH}/Podfile.lock\" \"${PODS_ROOT}/Manifest.lock\" > /dev/null\nif [ $? != 0 ] ; then\n    # print error to STDERR\n    echo \"error: The sandbox is not in sync with the Podfile.lock. Run 'pod install' or update your CocoaPods installation.\" >&2\n    exit 1\nfi\n# This output is used by Xcode 'outputs' to avoid re-running this script phase.\necho \"SUCCESS\" > \"${SCRIPT_OUTPUT_FILE_0}\"\n";
			showEnvVarsInLog = 0;
		};
		B5D2B0B22A39EFE300ED3516 /* ShellScript */ = {
			isa = PBXShellScriptBuildPhase;
			buildActionMask = 2147483647;
			files = (
			);
			inputFileListPaths = (
			);
			inputPaths = (
			);
			outputFileListPaths = (
			);
			outputPaths = (
			);
			runOnlyForDeploymentPostprocessing = 0;
			shellPath = /bin/sh;
			shellScript = "if [[ \"$(uname -m)\" == arm64 ]]; then\n    export PATH=\"/opt/homebrew/bin:$PATH\"\nfi\n\nif which swiftlint > /dev/null; then\n  swiftlint\nelse\n  echo \"warning: SwiftLint not installed, download from https://github.com/realm/SwiftLint\"\nfi\n";
		};
/* End PBXShellScriptBuildPhase section */

/* Begin PBXSourcesBuildPhase section */
		B5D2B0972A39C8E800ED3516 /* Sources */ = {
			isa = PBXSourcesBuildPhase;
			buildActionMask = 2147483647;
			files = (
				B59588952A3D98430058E170 /* VoteViewController.swift in Sources */,
				B522AF172A3C0F4900FF956C /* WaitingViewController.swift in Sources */,
				B5D2B0A32A39C8E800ED3516 /* LoginViewController.swift in Sources */,
				B522AF112A3AB4A000FF956C /* LobbyViewController.swift in Sources */,
				B522AF1B2A3C5CAF00FF956C /* PassPromptViewController.swift in Sources */,
				B522AF192A3C113900FF956C /* PlayerCell.swift in Sources */,
				B5D2B0B62A3A98A000ED3516 /* Prompt.swift in Sources */,
				B59588972A3DDD630058E170 /* KillViewController.swift in Sources */,
				B5D2B09F2A39C8E800ED3516 /* AppDelegate.swift in Sources */,
				B507CD672A3F39CE00434003 /* VictoryViewController.swift in Sources */,
				B5D2B0A12A39C8E800ED3516 /* SceneDelegate.swift in Sources */,
				B522AF152A3B67E800FF956C /* InviteViewController.swift in Sources */,
				B522AF132A3AC3CF00FF956C /* SettingViewController.swift in Sources */,
				B522AF1D2A3CBF2200FF956C /* SpeakViewController.swift in Sources */,
			);
			runOnlyForDeploymentPostprocessing = 0;
		};
/* End PBXSourcesBuildPhase section */

/* Begin PBXVariantGroup section */
		B5D2B0A42A39C8E800ED3516 /* Main.storyboard */ = {
			isa = PBXVariantGroup;
			children = (
				B5D2B0A52A39C8E800ED3516 /* Base */,
			);
			name = Main.storyboard;
			sourceTree = "<group>";
		};
		B5D2B0A92A39C8ED00ED3516 /* LaunchScreen.storyboard */ = {
			isa = PBXVariantGroup;
			children = (
				B5D2B0AA2A39C8ED00ED3516 /* Base */,
			);
			name = LaunchScreen.storyboard;
			sourceTree = "<group>";
		};
/* End PBXVariantGroup section */

/* Begin XCBuildConfiguration section */
		B5D2B0AD2A39C8ED00ED3516 /* Debug */ = {
			isa = XCBuildConfiguration;
			buildSettings = {
				ALWAYS_SEARCH_USER_PATHS = NO;
				CLANG_ANALYZER_NONNULL = YES;
				CLANG_ANALYZER_NUMBER_OBJECT_CONVERSION = YES_AGGRESSIVE;
				CLANG_CXX_LANGUAGE_STANDARD = "gnu++20";
				CLANG_ENABLE_MODULES = YES;
				CLANG_ENABLE_OBJC_ARC = YES;
				CLANG_ENABLE_OBJC_WEAK = YES;
				CLANG_WARN_BLOCK_CAPTURE_AUTORELEASING = YES;
				CLANG_WARN_BOOL_CONVERSION = YES;
				CLANG_WARN_COMMA = YES;
				CLANG_WARN_CONSTANT_CONVERSION = YES;
				CLANG_WARN_DEPRECATED_OBJC_IMPLEMENTATIONS = YES;
				CLANG_WARN_DIRECT_OBJC_ISA_USAGE = YES_ERROR;
				CLANG_WARN_DOCUMENTATION_COMMENTS = YES;
				CLANG_WARN_EMPTY_BODY = YES;
				CLANG_WARN_ENUM_CONVERSION = YES;
				CLANG_WARN_INFINITE_RECURSION = YES;
				CLANG_WARN_INT_CONVERSION = YES;
				CLANG_WARN_NON_LITERAL_NULL_CONVERSION = YES;
				CLANG_WARN_OBJC_IMPLICIT_RETAIN_SELF = YES;
				CLANG_WARN_OBJC_LITERAL_CONVERSION = YES;
				CLANG_WARN_OBJC_ROOT_CLASS = YES_ERROR;
				CLANG_WARN_QUOTED_INCLUDE_IN_FRAMEWORK_HEADER = YES;
				CLANG_WARN_RANGE_LOOP_ANALYSIS = YES;
				CLANG_WARN_STRICT_PROTOTYPES = YES;
				CLANG_WARN_SUSPICIOUS_MOVE = YES;
				CLANG_WARN_UNGUARDED_AVAILABILITY = YES_AGGRESSIVE;
				CLANG_WARN_UNREACHABLE_CODE = YES;
				CLANG_WARN__DUPLICATE_METHOD_MATCH = YES;
				COPY_PHASE_STRIP = NO;
				DEBUG_INFORMATION_FORMAT = dwarf;
				ENABLE_STRICT_OBJC_MSGSEND = YES;
				ENABLE_TESTABILITY = YES;
				GCC_C_LANGUAGE_STANDARD = gnu11;
				GCC_DYNAMIC_NO_PIC = NO;
				GCC_NO_COMMON_BLOCKS = YES;
				GCC_OPTIMIZATION_LEVEL = 0;
				GCC_PREPROCESSOR_DEFINITIONS = (
					"DEBUG=1",
					"$(inherited)",
				);
				GCC_WARN_64_TO_32_BIT_CONVERSION = YES;
				GCC_WARN_ABOUT_RETURN_TYPE = YES_ERROR;
				GCC_WARN_UNDECLARED_SELECTOR = YES;
				GCC_WARN_UNINITIALIZED_AUTOS = YES_AGGRESSIVE;
				GCC_WARN_UNUSED_FUNCTION = YES;
				GCC_WARN_UNUSED_VARIABLE = YES;
				IPHONEOS_DEPLOYMENT_TARGET = 16.1;
				MTL_ENABLE_DEBUG_INFO = INCLUDE_SOURCE;
				MTL_FAST_MATH = YES;
				ONLY_ACTIVE_ARCH = YES;
				SDKROOT = iphoneos;
				SWIFT_ACTIVE_COMPILATION_CONDITIONS = DEBUG;
				SWIFT_OPTIMIZATION_LEVEL = "-Onone";
			};
			name = Debug;
		};
		B5D2B0AE2A39C8ED00ED3516 /* Release */ = {
			isa = XCBuildConfiguration;
			buildSettings = {
				ALWAYS_SEARCH_USER_PATHS = NO;
				CLANG_ANALYZER_NONNULL = YES;
				CLANG_ANALYZER_NUMBER_OBJECT_CONVERSION = YES_AGGRESSIVE;
				CLANG_CXX_LANGUAGE_STANDARD = "gnu++20";
				CLANG_ENABLE_MODULES = YES;
				CLANG_ENABLE_OBJC_ARC = YES;
				CLANG_ENABLE_OBJC_WEAK = YES;
				CLANG_WARN_BLOCK_CAPTURE_AUTORELEASING = YES;
				CLANG_WARN_BOOL_CONVERSION = YES;
				CLANG_WARN_COMMA = YES;
				CLANG_WARN_CONSTANT_CONVERSION = YES;
				CLANG_WARN_DEPRECATED_OBJC_IMPLEMENTATIONS = YES;
				CLANG_WARN_DIRECT_OBJC_ISA_USAGE = YES_ERROR;
				CLANG_WARN_DOCUMENTATION_COMMENTS = YES;
				CLANG_WARN_EMPTY_BODY = YES;
				CLANG_WARN_ENUM_CONVERSION = YES;
				CLANG_WARN_INFINITE_RECURSION = YES;
				CLANG_WARN_INT_CONVERSION = YES;
				CLANG_WARN_NON_LITERAL_NULL_CONVERSION = YES;
				CLANG_WARN_OBJC_IMPLICIT_RETAIN_SELF = YES;
				CLANG_WARN_OBJC_LITERAL_CONVERSION = YES;
				CLANG_WARN_OBJC_ROOT_CLASS = YES_ERROR;
				CLANG_WARN_QUOTED_INCLUDE_IN_FRAMEWORK_HEADER = YES;
				CLANG_WARN_RANGE_LOOP_ANALYSIS = YES;
				CLANG_WARN_STRICT_PROTOTYPES = YES;
				CLANG_WARN_SUSPICIOUS_MOVE = YES;
				CLANG_WARN_UNGUARDED_AVAILABILITY = YES_AGGRESSIVE;
				CLANG_WARN_UNREACHABLE_CODE = YES;
				CLANG_WARN__DUPLICATE_METHOD_MATCH = YES;
				COPY_PHASE_STRIP = NO;
				DEBUG_INFORMATION_FORMAT = "dwarf-with-dsym";
				ENABLE_NS_ASSERTIONS = NO;
				ENABLE_STRICT_OBJC_MSGSEND = YES;
				GCC_C_LANGUAGE_STANDARD = gnu11;
				GCC_NO_COMMON_BLOCKS = YES;
				GCC_WARN_64_TO_32_BIT_CONVERSION = YES;
				GCC_WARN_ABOUT_RETURN_TYPE = YES_ERROR;
				GCC_WARN_UNDECLARED_SELECTOR = YES;
				GCC_WARN_UNINITIALIZED_AUTOS = YES_AGGRESSIVE;
				GCC_WARN_UNUSED_FUNCTION = YES;
				GCC_WARN_UNUSED_VARIABLE = YES;
				IPHONEOS_DEPLOYMENT_TARGET = 16.1;
				MTL_ENABLE_DEBUG_INFO = NO;
				MTL_FAST_MATH = YES;
				SDKROOT = iphoneos;
				SWIFT_COMPILATION_MODE = wholemodule;
				SWIFT_OPTIMIZATION_LEVEL = "-O";
				VALIDATE_PRODUCT = YES;
			};
			name = Release;
		};
		B5D2B0B02A39C8ED00ED3516 /* Debug */ = {
			isa = XCBuildConfiguration;
			baseConfigurationReference = 85F7C80141FC1BA96FBC07A8 /* Pods-Spy See.debug.xcconfig */;
			buildSettings = {
				ASSETCATALOG_COMPILER_APPICON_NAME = AppIcon;
				ASSETCATALOG_COMPILER_GLOBAL_ACCENT_COLOR_NAME = AccentColor;
				CODE_SIGN_STYLE = Automatic;
				CURRENT_PROJECT_VERSION = 1;
				DEVELOPMENT_TEAM = TC57AN3V9C;
				GENERATE_INFOPLIST_FILE = YES;
				INFOPLIST_FILE = "Spy See/Info.plist";
				INFOPLIST_KEY_UIApplicationSupportsIndirectInputEvents = YES;
				INFOPLIST_KEY_UILaunchStoryboardName = LaunchScreen;
				INFOPLIST_KEY_UIMainStoryboardFile = Main;
				INFOPLIST_KEY_UISupportedInterfaceOrientations_iPad = "UIInterfaceOrientationPortrait UIInterfaceOrientationPortraitUpsideDown UIInterfaceOrientationLandscapeLeft UIInterfaceOrientationLandscapeRight";
				INFOPLIST_KEY_UISupportedInterfaceOrientations_iPhone = "UIInterfaceOrientationPortrait UIInterfaceOrientationLandscapeLeft UIInterfaceOrientationLandscapeRight";
				IPHONEOS_DEPLOYMENT_TARGET = 15.0;
				LD_RUNPATH_SEARCH_PATHS = (
					"$(inherited)",
					"@executable_path/Frameworks",
				);
				MARKETING_VERSION = 1.0;
				PRODUCT_BUNDLE_IDENTIFIER = "com.trevory.Spy-See";
				PRODUCT_NAME = "$(TARGET_NAME)";
				SWIFT_EMIT_LOC_STRINGS = YES;
				SWIFT_VERSION = 5.0;
				TARGETED_DEVICE_FAMILY = "1,2";
			};
			name = Debug;
		};
		B5D2B0B12A39C8ED00ED3516 /* Release */ = {
			isa = XCBuildConfiguration;
			baseConfigurationReference = 07696FC57C387E2A3AD5BB2E /* Pods-Spy See.release.xcconfig */;
			buildSettings = {
				ASSETCATALOG_COMPILER_APPICON_NAME = AppIcon;
				ASSETCATALOG_COMPILER_GLOBAL_ACCENT_COLOR_NAME = AccentColor;
				CODE_SIGN_STYLE = Automatic;
				CURRENT_PROJECT_VERSION = 1;
				DEVELOPMENT_TEAM = TC57AN3V9C;
				GENERATE_INFOPLIST_FILE = YES;
				INFOPLIST_FILE = "Spy See/Info.plist";
				INFOPLIST_KEY_UIApplicationSupportsIndirectInputEvents = YES;
				INFOPLIST_KEY_UILaunchStoryboardName = LaunchScreen;
				INFOPLIST_KEY_UIMainStoryboardFile = Main;
				INFOPLIST_KEY_UISupportedInterfaceOrientations_iPad = "UIInterfaceOrientationPortrait UIInterfaceOrientationPortraitUpsideDown UIInterfaceOrientationLandscapeLeft UIInterfaceOrientationLandscapeRight";
				INFOPLIST_KEY_UISupportedInterfaceOrientations_iPhone = "UIInterfaceOrientationPortrait UIInterfaceOrientationLandscapeLeft UIInterfaceOrientationLandscapeRight";
				IPHONEOS_DEPLOYMENT_TARGET = 15.0;
				LD_RUNPATH_SEARCH_PATHS = (
					"$(inherited)",
					"@executable_path/Frameworks",
				);
				MARKETING_VERSION = 1.0;
				PRODUCT_BUNDLE_IDENTIFIER = "com.trevory.Spy-See";
				PRODUCT_NAME = "$(TARGET_NAME)";
				SWIFT_EMIT_LOC_STRINGS = YES;
				SWIFT_VERSION = 5.0;
				TARGETED_DEVICE_FAMILY = "1,2";
			};
			name = Release;
		};
/* End XCBuildConfiguration section */

/* Begin XCConfigurationList section */
		B5D2B0962A39C8E800ED3516 /* Build configuration list for PBXProject "Spy See" */ = {
			isa = XCConfigurationList;
			buildConfigurations = (
				B5D2B0AD2A39C8ED00ED3516 /* Debug */,
				B5D2B0AE2A39C8ED00ED3516 /* Release */,
			);
			defaultConfigurationIsVisible = 0;
			defaultConfigurationName = Release;
		};
		B5D2B0AF2A39C8ED00ED3516 /* Build configuration list for PBXNativeTarget "Spy See" */ = {
			isa = XCConfigurationList;
			buildConfigurations = (
				B5D2B0B02A39C8ED00ED3516 /* Debug */,
				B5D2B0B12A39C8ED00ED3516 /* Release */,
			);
			defaultConfigurationIsVisible = 0;
			defaultConfigurationName = Release;
		};
/* End XCConfigurationList section */
	};
	rootObject = B5D2B0932A39C8E800ED3516 /* Project object */;
}
